
Microsoft Visual Studio Solution File, Format Version 12.00
# Visual Studio 15
VisualStudioVersion = 15.0.27130.2024
MinimumVisualStudioVersion = 10.0.40219.1
Project("{FAE04EC0-301F-11D3-BF4B-00C04F79EFBC}") = "OptiCountExporter", "OptiCountExporter\OptiCountExporter.csproj", "{55215141-DB18-4044-978E-FCC0EDF0BEE6}"
EndProject
Project("{930C7802-8A8C-48F9-8165-68863BCCD9DD}") = "OptiCountExporterSetup", "OptiCountExporterSetup\OptiCountExporterSetup.wixproj", "{D635BEF6-C674-4D9B-AFF9-5C646D929242}"
EndProject
Global
	GlobalSection(SolutionConfigurationPlatforms) = preSolution
		Debug|Any CPU = Debug|Any CPU
		Debug|x86 = Debug|x86
		Release|Any CPU = Release|Any CPU
		Release|x86 = Release|x86
	EndGlobalSection
	GlobalSection(ProjectConfigurationPlatforms) = postSolution
		{55215141-DB18-4044-978E-FCC0EDF0BEE6}.Debug|Any CPU.ActiveCfg = Debug|Any CPU
		{55215141-DB18-4044-978E-FCC0EDF0BEE6}.Debug|Any CPU.Build.0 = Debug|Any CPU
		{55215141-DB18-4044-978E-FCC0EDF0BEE6}.Debug|x86.ActiveCfg = Debug|Any CPU
		{55215141-DB18-4044-978E-FCC0EDF0BEE6}.Debug|x86.Build.0 = Debug|Any CPU
		{55215141-DB18-4044-978E-FCC0EDF0BEE6}.Release|Any CPU.ActiveCfg = Release|Any CPU
		{55215141-DB18-4044-978E-FCC0EDF0BEE6}.Release|Any CPU.Build.0 = Release|Any CPU
		{55215141-DB18-4044-978E-FCC0EDF0BEE6}.Release|x86.ActiveCfg = Release|Any CPU
		{55215141-DB18-4044-978E-FCC0EDF0BEE6}.Release|x86.Build.0 = Release|Any CPU
		{D635BEF6-C674-4D9B-AFF9-5C646D929242}.Debug|Any CPU.ActiveCfg = Debug|x86
		{D635BEF6-C674-4D9B-AFF9-5C646D929242}.Debug|x86.ActiveCfg = Debug|x86
		{D635BEF6-C674-4D9B-AFF9-5C646D929242}.Debug|x86.Build.0 = Debug|x86
		{D635BEF6-C674-4D9B-AFF9-5C646D929242}.Release|Any CPU.ActiveCfg = Release|x86
		{D635BEF6-C674-4D9B-AFF9-5C646D929242}.Release|x86.ActiveCfg = Release|x86
		{D635BEF6-C674-4D9B-AFF9-5C646D929242}.Release|x86.Build.0 = Release|x86
	EndGlobalSection
	GlobalSection(SolutionProperties) = preSolution
		HideSolutionNode = FALSE
	EndGlobalSection
	GlobalSection(ExtensibilityGlobals) = postSolution
		SolutionGuid = {17C9299E-2080-4F9F-82B3-C082F7099F71}
	EndGlobalSection
EndGlobal
